
Microsoft Visual Studio Solution File, Format Version 12.00
# Visual Studio Version 16
VisualStudioVersion = 16.0.30907.101
MinimumVisualStudioVersion = 10.0.40219.1
Project("{888888A0-9F3D-457C-B088-3A5042F75D52}") = "radial data neural network boundary", "radial data neural network boundary.pyproj", "{5CA89865-18F9-4847-9216-2285F493750B}"
EndProject
Global
	GlobalSection(SolutionConfigurationPlatforms) = preSolution
		Debug|Any CPU = Debug|Any CPU
		Release|Any CPU = Release|Any CPU
	EndGlobalSection
	GlobalSection(ProjectConfigurationPlatforms) = postSolution
		{5CA89865-18F9-4847-9216-2285F493750B}.Debug|Any CPU.ActiveCfg = Debug|Any CPU
		{5CA89865-18F9-4847-9216-2285F493750B}.Release|Any CPU.ActiveCfg = Release|Any CPU
	EndGlobalSection
	GlobalSection(SolutionProperties) = preSolution
		HideSolutionNode = FALSE
	EndGlobalSection
	GlobalSection(ExtensibilityGlobals) = postSolution
		SolutionGuid = {B822F181-80EE-4F6D-B743-8491FFE5FF41}
	EndGlobalSection
EndGlobal
